// !$*UTF8*$!
{
	archiveVersion = 1;
	classes = {
	};
	objectVersion = 55;
	objects = {

/* Begin PBXBuildFile section */
		1B85EC1327A5A6050048EF46 /* SpeakerMakerApp.swift in Sources */ = {isa = PBXBuildFile; fileRef = 1B85EC1227A5A6050048EF46 /* SpeakerMakerApp.swift */; };
		1B85EC1527A5A6050048EF46 /* ContentView.swift in Sources */ = {isa = PBXBuildFile; fileRef = 1B85EC1427A5A6050048EF46 /* ContentView.swift */; };
		1B85EC1727A5A6060048EF46 /* Assets.xcassets in Resources */ = {isa = PBXBuildFile; fileRef = 1B85EC1627A5A6060048EF46 /* Assets.xcassets */; };
		1B85EC1A27A5A6060048EF46 /* Preview Assets.xcassets in Resources */ = {isa = PBXBuildFile; fileRef = 1B85EC1927A5A6060048EF46 /* Preview Assets.xcassets */; };
		1B85EC2327A5A6130048EF46 /* SpeakerList.swift in Sources */ = {isa = PBXBuildFile; fileRef = 1B85EC2027A5A6130048EF46 /* SpeakerList.swift */; };
		1B85EC2427A5A6130048EF46 /* Speaker.swift in Sources */ = {isa = PBXBuildFile; fileRef = 1B85EC2127A5A6130048EF46 /* Speaker.swift */; };
		1B85EC2527A5A6130048EF46 /* ViewModel.swift in Sources */ = {isa = PBXBuildFile; fileRef = 1B85EC2227A5A6130048EF46 /* ViewModel.swift */; };
		1B85EC2727A5E8A70048EF46 /* SpeakerEntryForm.swift in Sources */ = {isa = PBXBuildFile; fileRef = 1B85EC2627A5E8A70048EF46 /* SpeakerEntryForm.swift */; };
/* End PBXBuildFile section */

/* Begin PBXFileReference section */
		1B85EC0F27A5A6050048EF46 /* SpeakerMaker.app */ = {isa = PBXFileReference; explicitFileType = wrapper.application; includeInIndex = 0; path = SpeakerMaker.app; sourceTree = BUILT_PRODUCTS_DIR; };
		1B85EC1227A5A6050048EF46 /* SpeakerMakerApp.swift */ = {isa = PBXFileReference; lastKnownFileType = sourcecode.swift; path = SpeakerMakerApp.swift; sourceTree = "<group>"; };
		1B85EC1427A5A6050048EF46 /* ContentView.swift */ = {isa = PBXFileReference; lastKnownFileType = sourcecode.swift; path = ContentView.swift; sourceTree = "<group>"; };
		1B85EC1627A5A6060048EF46 /* Assets.xcassets */ = {isa = PBXFileReference; lastKnownFileType = folder.assetcatalog; path = Assets.xcassets; sourceTree = "<group>"; };
		1B85EC1927A5A6060048EF46 /* Preview Assets.xcassets */ = {isa = PBXFileReference; lastKnownFileType = folder.assetcatalog; path = "Preview Assets.xcassets"; sourceTree = "<group>"; };
		1B85EC2027A5A6130048EF46 /* SpeakerList.swift */ = {isa = PBXFileReference; fileEncoding = 4; lastKnownFileType = sourcecode.swift; path = SpeakerList.swift; sourceTree = "<group>"; };
		1B85EC2127A5A6130048EF46 /* Speaker.swift */ = {isa = PBXFileReference; fileEncoding = 4; lastKnownFileType = sourcecode.swift; path = Speaker.swift; sourceTree = "<group>"; };
		1B85EC2227A5A6130048EF46 /* ViewModel.swift */ = {isa = PBXFileReference; fileEncoding = 4; lastKnownFileType = sourcecode.swift; path = ViewModel.swift; sourceTree = "<group>"; };
		1B85EC2627A5E8A70048EF46 /* SpeakerEntryForm.swift */ = {isa = PBXFileReference; lastKnownFileType = sourcecode.swift; path = SpeakerEntryForm.swift; sourceTree = "<group>"; };
/* End PBXFileReference section */

/* Begin PBXFrameworksBuildPhase section */
		1B85EC0C27A5A6050048EF46 /* Frameworks */ = {
			isa = PBXFrameworksBuildPhase;
			buildActionMask = 2147483647;
			files = (
			);
			runOnlyForDeploymentPostprocessing = 0;
		};
/* End PBXFrameworksBuildPhase section */

/* Begin PBXGroup section */
		1B85EC0627A5A6050048EF46 = {
			isa = PBXGroup;
			children = (
				1B85EC1127A5A6050048EF46 /* SpeakerMaker */,
				1B85EC1027A5A6050048EF46 /* Products */,
			);
			sourceTree = "<group>";
		};
		1B85EC1027A5A6050048EF46 /* Products */ = {
			isa = PBXGroup;
			children = (
				1B85EC0F27A5A6050048EF46 /* SpeakerMaker.app */,
			);
			name = Products;
			sourceTree = "<group>";
		};
		1B85EC1127A5A6050048EF46 /* SpeakerMaker */ = {
			isa = PBXGroup;
			children = (
				1B85EC1227A5A6050048EF46 /* SpeakerMakerApp.swift */,
				1B85EC1427A5A6050048EF46 /* ContentView.swift */,
				1B85EC2627A5E8A70048EF46 /* SpeakerEntryForm.swift */,
				1B85EC2127A5A6130048EF46 /* Speaker.swift */,
				1B85EC2027A5A6130048EF46 /* SpeakerList.swift */,
				1B85EC2227A5A6130048EF46 /* ViewModel.swift */,
				1B85EC1627A5A6060048EF46 /* Assets.xcassets */,
				1B85EC1827A5A6060048EF46 /* Preview Content */,
			);
			path = SpeakerMaker;
			sourceTree = "<group>";
		};
		1B85EC1827A5A6060048EF46 /* Preview Content */ = {
			isa = PBXGroup;
			children = (
				1B85EC1927A5A6060048EF46 /* Preview Assets.xcassets */,
			);
			path = "Preview Content";
			sourceTree = "<group>";
		};
/* End PBXGroup section */

/* Begin PBXNativeTarget section */
		1B85EC0E27A5A6050048EF46 /* SpeakerMaker */ = {
			isa = PBXNativeTarget;
			buildConfigurationList = 1B85EC1D27A5A6060048EF46 /* Build configuration list for PBXNativeTarget "SpeakerMaker" */;
			buildPhases = (
				1B85EC0B27A5A6050048EF46 /* Sources */,
				1B85EC0C27A5A6050048EF46 /* Frameworks */,
				1B85EC0D27A5A6050048EF46 /* Resources */,
			);
			buildRules = (
			);
			dependencies = (
			);
			name = SpeakerMaker;
			productName = SpeakerMaker;
			productReference = 1B85EC0F27A5A6050048EF46 /* SpeakerMaker.app */;
			productType = "com.apple.product-type.application";
		};
/* End PBXNativeTarget section */

/* Begin PBXProject section */
		1B85EC0727A5A6050048EF46 /* Project object */ = {
			isa = PBXProject;
			attributes = {
				BuildIndependentTargetsInParallel = 1;
				LastSwiftUpdateCheck = 1320;
				LastUpgradeCheck = 1320;
				TargetAttributes = {
					1B85EC0E27A5A6050048EF46 = {
						CreatedOnToolsVersion = 13.2.1;
					};
				};
			};
			buildConfigurationList = 1B85EC0A27A5A6050048EF46 /* Build configuration list for PBXProject "SpeakerMaker" */;
			compatibilityVersion = "Xcode 13.0";
			developmentRegion = en;
			hasScannedForEncodings = 0;
			knownRegions = (
				en,
				Base,
			);
			mainGroup = 1B85EC0627A5A6050048EF46;
			productRefGroup = 1B85EC1027A5A6050048EF46 /* Products */;
			projectDirPath = "";
			projectRoot = "";
			targets = (
				1B85EC0E27A5A6050048EF46 /* SpeakerMaker */,
			);
		};
/* End PBXProject section */

/* Begin PBXResourcesBuildPhase section */
		1B85EC0D27A5A6050048EF46 /* Resources */ = {
			isa = PBXResourcesBuildPhase;
			buildActionMask = 2147483647;
			files = (
				1B85EC1A27A5A6060048EF46 /* Preview Assets.xcassets in Resources */,
				1B85EC1727A5A6060048EF46 /* Assets.xcassets in Resources */,
			);
			runOnlyForDeploymentPostprocessing = 0;
		};
/* End PBXResourcesBuildPhase section */

/* Begin PBXSourcesBuildPhase section */
		1B85EC0B27A5A6050048EF46 /* Sources */ = {
			isa = PBXSourcesBuildPhase;
			buildActionMask = 2147483647;
			files = (
				1B85EC2527A5A6130048EF46 /* ViewModel.swift in Sources */,
				1B85EC2327A5A6130048EF46 /* SpeakerList.swift in Sources */,
				1B85EC1527A5A6050048EF46 /* ContentView.swift in Sources */,
				1B85EC1327A5A6050048EF46 /* SpeakerMakerApp.swift in Sources */,
				1B85EC2727A5E8A70048EF46 /* SpeakerEntryForm.swift in Sources */,
				1B85EC2427A5A6130048EF46 /* Speaker.swift in Sources */,
			);
			runOnlyForDeploymentPostprocessing = 0;
		};
/* End PBXSourcesBuildPhase section */

/* Begin XCBuildConfiguration section */
		1B85EC1B27A5A6060048EF46 /* Debug */ = {
			isa = XCBuildConfiguration;
			buildSettings = {
				ALWAYS_SEARCH_USER_PATHS = NO;
				CLANG_ANALYZER_NONNULL = YES;
				CLANG_ANALYZER_NUMBER_OBJECT_CONVERSION = YES_AGGRESSIVE;
				CLANG_CXX_LANGUAGE_STANDARD = "gnu++17";
				CLANG_CXX_LIBRARY = "libc++";
				CLANG_ENABLE_MODULES = YES;
				CLANG_ENABLE_OBJC_ARC = YES;
				CLANG_ENABLE_OBJC_WEAK = YES;
				CLANG_WARN_BLOCK_CAPTURE_AUTORELEASING = YES;
				CLANG_WARN_BOOL_CONVERSION = YES;
				CLANG_WARN_COMMA = YES;
				CLANG_WARN_CONSTANT_CONVERSION = YES;
				CLANG_WARN_DEPRECATED_OBJC_IMPLEMENTATIONS = YES;
				CLANG_WARN_DIRECT_OBJC_ISA_USAGE = YES_ERROR;
				CLANG_WARN_DOCUMENTATION_COMMENTS = YES;
				CLANG_WARN_EMPTY_BODY = YES;
				CLANG_WARN_ENUM_CONVERSION = YES;
				CLANG_WARN_INFINITE_RECURSION = YES;
				CLANG_WARN_INT_CONVERSION = YES;
				CLANG_WARN_NON_LITERAL_NULL_CONVERSION = YES;
				CLANG_WARN_OBJC_IMPLICIT_RETAIN_SELF = YES;
				CLANG_WARN_OBJC_LITERAL_CONVERSION = YES;
				CLANG_WARN_OBJC_ROOT_CLASS = YES_ERROR;
				CLANG_WARN_QUOTED_INCLUDE_IN_FRAMEWORK_HEADER = YES;
				CLANG_WARN_RANGE_LOOP_ANALYSIS = YES;
				CLANG_WARN_STRICT_PROTOTYPES = YES;
				CLANG_WARN_SUSPICIOUS_MOVE = YES;
				CLANG_WARN_UNGUARDED_AVAILABILITY = YES_AGGRESSIVE;
				CLANG_WARN_UNREACHABLE_CODE = YES;
				CLANG_WARN__DUPLICATE_METHOD_MATCH = YES;
				COPY_PHASE_STRIP = NO;
				DEBUG_INFORMATION_FORMAT = dwarf;
				ENABLE_STRICT_OBJC_MSGSEND = YES;
				ENABLE_TESTABILITY = YES;
				GCC_C_LANGUAGE_STANDARD = gnu11;
				GCC_DYNAMIC_NO_PIC = NO;
				GCC_NO_COMMON_BLOCKS = YES;
				GCC_OPTIMIZATION_LEVEL = 0;
				GCC_PREPROCESSOR_DEFINITIONS = (
					"DEBUG=1",
					"$(inherited)",
				);
				GCC_WARN_64_TO_32_BIT_CONVERSION = YES;
				GCC_WARN_ABOUT_RETURN_TYPE = YES_ERROR;
				GCC_WARN_UNDECLARED_SELECTOR = YES;
				GCC_WARN_UNINITIALIZED_AUTOS = YES_AGGRESSIVE;
				GCC_WARN_UNUSED_FUNCTION = YES;
				GCC_WARN_UNUSED_VARIABLE = YES;
				IPHONEOS_DEPLOYMENT_TARGET = 15.2;
				MTL_ENABLE_DEBUG_INFO = INCLUDE_SOURCE;
				MTL_FAST_MATH = YES;
				ONLY_ACTIVE_ARCH = YES;
				SDKROOT = iphoneos;
				SWIFT_ACTIVE_COMPILATION_CONDITIONS = DEBUG;
				SWIFT_OPTIMIZATION_LEVEL = "-Onone";
			};
			name = Debug;
		};
		1B85EC1C27A5A6060048EF46 /* Release */ = {
			isa = XCBuildConfiguration;
			buildSettings = {
				ALWAYS_SEARCH_USER_PATHS = NO;
				CLANG_ANALYZER_NONNULL = YES;
				CLANG_ANALYZER_NUMBER_OBJECT_CONVERSION = YES_AGGRESSIVE;
				CLANG_CXX_LANGUAGE_STANDARD = "gnu++17";
				CLANG_CXX_LIBRARY = "libc++";
				CLANG_ENABLE_MODULES = YES;
				CLANG_ENABLE_OBJC_ARC = YES;
				CLANG_ENABLE_OBJC_WEAK = YES;
				CLANG_WARN_BLOCK_CAPTURE_AUTORELEASING = YES;
				CLANG_WARN_BOOL_CONVERSION = YES;
				CLANG_WARN_COMMA = YES;
				CLANG_WARN_CONSTANT_CONVERSION = YES;
				CLANG_WARN_DEPRECATED_OBJC_IMPLEMENTATIONS = YES;
				CLANG_WARN_DIRECT_OBJC_ISA_USAGE = YES_ERROR;
				CLANG_WARN_DOCUMENTATION_COMMENTS = YES;
				CLANG_WARN_EMPTY_BODY = YES;
				CLANG_WARN_ENUM_CONVERSION = YES;
				CLANG_WARN_INFINITE_RECURSION = YES;
				CLANG_WARN_INT_CONVERSION = YES;
				CLANG_WARN_NON_LITERAL_NULL_CONVERSION = YES;
				CLANG_WARN_OBJC_IMPLICIT_RETAIN_SELF = YES;
				CLANG_WARN_OBJC_LITERAL_CONVERSION = YES;
				CLANG_WARN_OBJC_ROOT_CLASS = YES_ERROR;
				CLANG_WARN_QUOTED_INCLUDE_IN_FRAMEWORK_HEADER = YES;
				CLANG_WARN_RANGE_LOOP_ANALYSIS = YES;
				CLANG_WARN_STRICT_PROTOTYPES = YES;
				CLANG_WARN_SUSPICIOUS_MOVE = YES;
				CLANG_WARN_UNGUARDED_AVAILABILITY = YES_AGGRESSIVE;
				CLANG_WARN_UNREACHABLE_CODE = YES;
				CLANG_WARN__DUPLICATE_METHOD_MATCH = YES;
				COPY_PHASE_STRIP = NO;
				DEBUG_INFORMATION_FORMAT = "dwarf-with-dsym";
				ENABLE_NS_ASSERTIONS = NO;
				ENABLE_STRICT_OBJC_MSGSEND = YES;
				GCC_C_LANGUAGE_STANDARD = gnu11;
				GCC_NO_COMMON_BLOCKS = YES;
				GCC_WARN_64_TO_32_BIT_CONVERSION = YES;
				GCC_WARN_ABOUT_RETURN_TYPE = YES_ERROR;
				GCC_WARN_UNDECLARED_SELECTOR = YES;
				GCC_WARN_UNINITIALIZED_AUTOS = YES_AGGRESSIVE;
				GCC_WARN_UNUSED_FUNCTION = YES;
				GCC_WARN_UNUSED_VARIABLE = YES;
				IPHONEOS_DEPLOYMENT_TARGET = 15.2;
				MTL_ENABLE_DEBUG_INFO = NO;
				MTL_FAST_MATH = YES;
				SDKROOT = iphoneos;
				SWIFT_COMPILATION_MODE = wholemodule;
				SWIFT_OPTIMIZATION_LEVEL = "-O";
				VALIDATE_PRODUCT = YES;
			};
			name = Release;
		};
		1B85EC1E27A5A6060048EF46 /* Debug */ = {
			isa = XCBuildConfiguration;
			buildSettings = {
				ASSETCATALOG_COMPILER_APPICON_NAME = AppIcon;
				ASSETCATALOG_COMPILER_GLOBAL_ACCENT_COLOR_NAME = AccentColor;
				CODE_SIGN_STYLE = Automatic;
				CURRENT_PROJECT_VERSION = 1;
				DEVELOPMENT_ASSET_PATHS = "\"SpeakerMaker/Preview Content\"";
				DEVELOPMENT_TEAM = Y48AZMY2V2;
				ENABLE_PREVIEWS = YES;
				GENERATE_INFOPLIST_FILE = YES;
				INFOPLIST_KEY_UIApplicationSceneManifest_Generation = YES;
				INFOPLIST_KEY_UIApplicationSupportsIndirectInputEvents = YES;
				INFOPLIST_KEY_UILaunchScreen_Generation = YES;
				INFOPLIST_KEY_UISupportedInterfaceOrientations_iPad = "UIInterfaceOrientationPortrait UIInterfaceOrientationPortraitUpsideDown UIInterfaceOrientationLandscapeLeft UIInterfaceOrientationLandscapeRight";
				INFOPLIST_KEY_UISupportedInterfaceOrientations_iPhone = "UIInterfaceOrientationPortrait UIInterfaceOrientationLandscapeLeft UIInterfaceOrientationLandscapeRight";
				LD_RUNPATH_SEARCH_PATHS = (
					"$(inherited)",
					"@executable_path/Frameworks",
				);
				MARKETING_VERSION = 1.0;
				PRODUCT_BUNDLE_IDENTIFIER = com.cjp.SpeakerMaker;
				PRODUCT_NAME = "$(TARGET_NAME)";
				SWIFT_EMIT_LOC_STRINGS = YES;
				SWIFT_VERSION = 5.0;
				TARGETED_DEVICE_FAMILY = "1,2";
			};
			name = Debug;
		};
		1B85EC1F27A5A6060048EF46 /* Release */ = {
			isa = XCBuildConfiguration;
			buildSettings = {
				ASSETCATALOG_COMPILER_APPICON_NAME = AppIcon;
				ASSETCATALOG_COMPILER_GLOBAL_ACCENT_COLOR_NAME = AccentColor;
				CODE_SIGN_STYLE = Automatic;
				CURRENT_PROJECT_VERSION = 1;
				DEVELOPMENT_ASSET_PATHS = "\"SpeakerMaker/Preview Content\"";
				DEVELOPMENT_TEAM = Y48AZMY2V2;
				ENABLE_PREVIEWS = YES;
				GENERATE_INFOPLIST_FILE = YES;
				INFOPLIST_KEY_UIApplicationSceneManifest_Generation = YES;
				INFOPLIST_KEY_UIApplicationSupportsIndirectInputEvents = YES;
				INFOPLIST_KEY_UILaunchScreen_Generation = YES;
				INFOPLIST_KEY_UISupportedInterfaceOrientations_iPad = "UIInterfaceOrientationPortrait UIInterfaceOrientationPortraitUpsideDown UIInterfaceOrientationLandscapeLeft UIInterfaceOrientationLandscapeRight";
				INFOPLIST_KEY_UISupportedInterfaceOrientations_iPhone = "UIInterfaceOrientationPortrait UIInterfaceOrientationLandscapeLeft UIInterfaceOrientationLandscapeRight";
				LD_RUNPATH_SEARCH_PATHS = (
					"$(inherited)",
					"@executable_path/Frameworks",
				);
				MARKETING_VERSION = 1.0;
				PRODUCT_BUNDLE_IDENTIFIER = com.cjp.SpeakerMaker;
				PRODUCT_NAME = "$(TARGET_NAME)";
				SWIFT_EMIT_LOC_STRINGS = YES;
				SWIFT_VERSION = 5.0;
				TARGETED_DEVICE_FAMILY = "1,2";
			};
			name = Release;
		};
/* End XCBuildConfiguration section */

/* Begin XCConfigurationList section */
		1B85EC0A27A5A6050048EF46 /* Build configuration list for PBXProject "SpeakerMaker" */ = {
			isa = XCConfigurationList;
			buildConfigurations = (
				1B85EC1B27A5A6060048EF46 /* Debug */,
				1B85EC1C27A5A6060048EF46 /* Release */,
			);
			defaultConfigurationIsVisible = 0;
			defaultConfigurationName = Release;
		};
		1B85EC1D27A5A6060048EF46 /* Build configuration list for PBXNativeTarget "SpeakerMaker" */ = {
			isa = XCConfigurationList;
			buildConfigurations = (
				1B85EC1E27A5A6060048EF46 /* Debug */,
				1B85EC1F27A5A6060048EF46 /* Release */,
			);
			defaultConfigurationIsVisible = 0;
			defaultConfigurationName = Release;
		};
/* End XCConfigurationList section */
	};
	rootObject = 1B85EC0727A5A6050048EF46 /* Project object */;
}
